
Microsoft Visual Studio Solution File, Format Version 12.00
# Visual Studio Version 16
VisualStudioVersion = 16.0.29326.143
MinimumVisualStudioVersion = 10.0.40219.1
Project("{9A19103F-16F7-4668-BE54-9A1E7A4F7556}") = "Trivia", "Trivia\Trivia.csproj", "{6DF4340A-A044-4593-BC79-8F7961BB91E7}"
EndProject
Project("{FAE04EC0-301F-11D3-BF4B-00C04F79EFBC}") = "Trivia.UnitTests", "TriviaUnitTests\Trivia.UnitTests.csproj", "{0B0FFBE9-C541-41D9-BD74-1DCAC6E42A06}"
EndProject
Global
	GlobalSection(SolutionConfigurationPlatforms) = preSolution
		Debug|Any CPU = Debug|Any CPU
		Debug|x86 = Debug|x86
		Release|Any CPU = Release|Any CPU
		Release|x86 = Release|x86
	EndGlobalSection
	GlobalSection(ProjectConfigurationPlatforms) = postSolution
		{6DF4340A-A044-4593-BC79-8F7961BB91E7}.Debug|Any CPU.ActiveCfg = Debug|Any CPU
		{6DF4340A-A044-4593-BC79-8F7961BB91E7}.Debug|Any CPU.Build.0 = Debug|Any CPU
		{6DF4340A-A044-4593-BC79-8F7961BB91E7}.Debug|x86.ActiveCfg = Debug|Any CPU
		{6DF4340A-A044-4593-BC79-8F7961BB91E7}.Debug|x86.Build.0 = Debug|Any CPU
		{6DF4340A-A044-4593-BC79-8F7961BB91E7}.Release|Any CPU.ActiveCfg = Release|Any CPU
		{6DF4340A-A044-4593-BC79-8F7961BB91E7}.Release|Any CPU.Build.0 = Release|Any CPU
		{6DF4340A-A044-4593-BC79-8F7961BB91E7}.Release|x86.ActiveCfg = Release|Any CPU
		{6DF4340A-A044-4593-BC79-8F7961BB91E7}.Release|x86.Build.0 = Release|Any CPU
		{0B0FFBE9-C541-41D9-BD74-1DCAC6E42A06}.Debug|Any CPU.ActiveCfg = Debug|Any CPU
		{0B0FFBE9-C541-41D9-BD74-1DCAC6E42A06}.Debug|Any CPU.Build.0 = Debug|Any CPU
		{0B0FFBE9-C541-41D9-BD74-1DCAC6E42A06}.Debug|x86.ActiveCfg = Debug|Any CPU
		{0B0FFBE9-C541-41D9-BD74-1DCAC6E42A06}.Debug|x86.Build.0 = Debug|Any CPU
		{0B0FFBE9-C541-41D9-BD74-1DCAC6E42A06}.Release|Any CPU.ActiveCfg = Release|Any CPU
		{0B0FFBE9-C541-41D9-BD74-1DCAC6E42A06}.Release|Any CPU.Build.0 = Release|Any CPU
		{0B0FFBE9-C541-41D9-BD74-1DCAC6E42A06}.Release|x86.ActiveCfg = Release|Any CPU
		{0B0FFBE9-C541-41D9-BD74-1DCAC6E42A06}.Release|x86.Build.0 = Release|Any CPU
	EndGlobalSection
	GlobalSection(SolutionProperties) = preSolution
		HideSolutionNode = FALSE
	EndGlobalSection
	GlobalSection(ExtensibilityGlobals) = postSolution
		SolutionGuid = {D926FD48-1834-45A9-9EF9-B538AA698716}
	EndGlobalSection
EndGlobal
